
Microsoft Visual Studio Solution File, Format Version 12.00
# Visual Studio Version 17
VisualStudioVersion = 17.0.32014.148
MinimumVisualStudioVersion = 10.0.40219.1
Project("{FAE04EC0-301F-11D3-BF4B-00C04F79EFBC}") = "Estetika", "Estetika\Estetika.csproj", "{1B8AF810-9642-4531-9368-0609A84FCAD3}"
EndProject
Global
	GlobalSection(SolutionConfigurationPlatforms) = preSolution
		Debug|Any CPU = Debug|Any CPU
		Release|Any CPU = Release|Any CPU
	EndGlobalSection
	GlobalSection(ProjectConfigurationPlatforms) = postSolution
		{1B8AF810-9642-4531-9368-0609A84FCAD3}.Debug|Any CPU.ActiveCfg = Debug|Any CPU
		{1B8AF810-9642-4531-9368-0609A84FCAD3}.Debug|Any CPU.Build.0 = Debug|Any CPU
		{1B8AF810-9642-4531-9368-0609A84FCAD3}.Release|Any CPU.ActiveCfg = Release|Any CPU
		{1B8AF810-9642-4531-9368-0609A84FCAD3}.Release|Any CPU.Build.0 = Release|Any CPU
	EndGlobalSection
	GlobalSection(SolutionProperties) = preSolution
		HideSolutionNode = FALSE
	EndGlobalSection
	GlobalSection(ExtensibilityGlobals) = postSolution
		SolutionGuid = {C329D4A9-EDEE-4DBD-B197-03DC9D0F5671}
	EndGlobalSection
EndGlobal
